
Microsoft Visual Studio Solution File, Format Version 12.00
# Visual Studio 15
VisualStudioVersion = 15.0.27130.2010
MinimumVisualStudioVersion = 10.0.40219.1
Project("{8BC9CEB8-8B4A-11D0-8D11-00A0C91BC942}") = "Cache_Sim", "Cache_Sim\Cache_Sim.vcxproj", "{02C68AD8-0FC8-4340-98D5-07DF499314C4}"
EndProject
Global
	GlobalSection(SolutionConfigurationPlatforms) = preSolution
		Debug|x64 = Debug|x64
		Debug|x86 = Debug|x86
		Release|x64 = Release|x64
		Release|x86 = Release|x86
	EndGlobalSection
	GlobalSection(ProjectConfigurationPlatforms) = postSolution
		{02C68AD8-0FC8-4340-98D5-07DF499314C4}.Debug|x64.ActiveCfg = Debug|x64
		{02C68AD8-0FC8-4340-98D5-07DF499314C4}.Debug|x64.Build.0 = Debug|x64
		{02C68AD8-0FC8-4340-98D5-07DF499314C4}.Debug|x86.ActiveCfg = Debug|Win32
		{02C68AD8-0FC8-4340-98D5-07DF499314C4}.Debug|x86.Build.0 = Debug|Win32
		{02C68AD8-0FC8-4340-98D5-07DF499314C4}.Release|x64.ActiveCfg = Release|x64
		{02C68AD8-0FC8-4340-98D5-07DF499314C4}.Release|x64.Build.0 = Release|x64
		{02C68AD8-0FC8-4340-98D5-07DF499314C4}.Release|x86.ActiveCfg = Release|Win32
		{02C68AD8-0FC8-4340-98D5-07DF499314C4}.Release|x86.Build.0 = Release|Win32
	EndGlobalSection
	GlobalSection(SolutionProperties) = preSolution
		HideSolutionNode = FALSE
	EndGlobalSection
	GlobalSection(ExtensibilityGlobals) = postSolution
		SolutionGuid = {41168D0F-FACE-41DA-881A-64AB867FFC06}
	EndGlobalSection
EndGlobal
